
Microsoft Visual Studio Solution File, Format Version 12.00
# Visual Studio Version 17
VisualStudioVersion = 17.4.33213.308
MinimumVisualStudioVersion = 10.0.40219.1
Project("{9A19103F-16F7-4668-BE54-9A1E7A4F7556}") = "TccOficial.WebApi", "TccOficial.WebApi.csproj", "{0E010DAB-47BB-4A4A-8BA3-E658CF8E3E5B}"
EndProject
Project("{FAE04EC0-301F-11D3-BF4B-00C04F79EFBC}") = "TccOficial.App", "..\TccOficial.App\TccOficial.App.csproj", "{39D4496D-3A88-4726-B38A-7015A487AF39}"
EndProject
Project("{FAE04EC0-301F-11D3-BF4B-00C04F79EFBC}") = "TccOficial.Domain", "..\TccOficial.Domain\TccOficial.Domain.csproj", "{F9DD9426-896E-4CE6-A79F-71FE97A2F9F8}"
EndProject
Project("{FAE04EC0-301F-11D3-BF4B-00C04F79EFBC}") = "TccOficial.Infra", "..\TccOficial.Infra\TccOficial.Infra.csproj", "{FDA91AC5-3EAC-4A4C-8C0D-79047E6DF3B0}"
EndProject
Project("{FAE04EC0-301F-11D3-BF4B-00C04F79EFBC}") = "TccOficial.Shared", "..\TccOficial.Shared\TccOficial.Shared.csproj", "{AF82D529-5776-41E9-8443-28EE046D13EF}"
EndProject
Global
	GlobalSection(SolutionConfigurationPlatforms) = preSolution
		Debug|Any CPU = Debug|Any CPU
		Release|Any CPU = Release|Any CPU
	EndGlobalSection
	GlobalSection(ProjectConfigurationPlatforms) = postSolution
		{0E010DAB-47BB-4A4A-8BA3-E658CF8E3E5B}.Debug|Any CPU.ActiveCfg = Debug|Any CPU
		{0E010DAB-47BB-4A4A-8BA3-E658CF8E3E5B}.Debug|Any CPU.Build.0 = Debug|Any CPU
		{0E010DAB-47BB-4A4A-8BA3-E658CF8E3E5B}.Release|Any CPU.ActiveCfg = Release|Any CPU
		{0E010DAB-47BB-4A4A-8BA3-E658CF8E3E5B}.Release|Any CPU.Build.0 = Release|Any CPU
		{39D4496D-3A88-4726-B38A-7015A487AF39}.Debug|Any CPU.ActiveCfg = Debug|Any CPU
		{39D4496D-3A88-4726-B38A-7015A487AF39}.Debug|Any CPU.Build.0 = Debug|Any CPU
		{39D4496D-3A88-4726-B38A-7015A487AF39}.Release|Any CPU.ActiveCfg = Release|Any CPU
		{39D4496D-3A88-4726-B38A-7015A487AF39}.Release|Any CPU.Build.0 = Release|Any CPU
		{F9DD9426-896E-4CE6-A79F-71FE97A2F9F8}.Debug|Any CPU.ActiveCfg = Debug|Any CPU
		{F9DD9426-896E-4CE6-A79F-71FE97A2F9F8}.Debug|Any CPU.Build.0 = Debug|Any CPU
		{F9DD9426-896E-4CE6-A79F-71FE97A2F9F8}.Release|Any CPU.ActiveCfg = Release|Any CPU
		{F9DD9426-896E-4CE6-A79F-71FE97A2F9F8}.Release|Any CPU.Build.0 = Release|Any CPU
		{FDA91AC5-3EAC-4A4C-8C0D-79047E6DF3B0}.Debug|Any CPU.ActiveCfg = Debug|Any CPU
		{FDA91AC5-3EAC-4A4C-8C0D-79047E6DF3B0}.Debug|Any CPU.Build.0 = Debug|Any CPU
		{FDA91AC5-3EAC-4A4C-8C0D-79047E6DF3B0}.Release|Any CPU.ActiveCfg = Release|Any CPU
		{FDA91AC5-3EAC-4A4C-8C0D-79047E6DF3B0}.Release|Any CPU.Build.0 = Release|Any CPU
		{AF82D529-5776-41E9-8443-28EE046D13EF}.Debug|Any CPU.ActiveCfg = Debug|Any CPU
		{AF82D529-5776-41E9-8443-28EE046D13EF}.Debug|Any CPU.Build.0 = Debug|Any CPU
		{AF82D529-5776-41E9-8443-28EE046D13EF}.Release|Any CPU.ActiveCfg = Release|Any CPU
		{AF82D529-5776-41E9-8443-28EE046D13EF}.Release|Any CPU.Build.0 = Release|Any CPU
	EndGlobalSection
	GlobalSection(SolutionProperties) = preSolution
		HideSolutionNode = FALSE
	EndGlobalSection
	GlobalSection(ExtensibilityGlobals) = postSolution
		SolutionGuid = {F226E1BF-9877-4F0F-B3B7-C204684CE976}
	EndGlobalSection
EndGlobal
